// !$*UTF8*$!
{
	archiveVersion = 1;
	classes = {
	};
	objectVersion = 46;
	objects = {

/* Begin PBXBuildFile section */
		16B240E269F10708B22F5B67 /* Pods_OriginalApplication.framework in Frameworks */ = {isa = PBXBuildFile; fileRef = 553B96C6C2E4F5C00A30598D /* Pods_OriginalApplication.framework */; };
		604E6C0A1F357C1800AEF5F5 /* GoogleService-Info.plist in Resources */ = {isa = PBXBuildFile; fileRef = 604E6C091F357C1800AEF5F5 /* GoogleService-Info.plist */; };
		EB362C2E1F30215500A64D56 /* LoginViewController.swift in Sources */ = {isa = PBXBuildFile; fileRef = EB362C2D1F30215500A64D56 /* LoginViewController.swift */; };
		EB362C301F30228400A64D56 /* HistoryViewController.swift in Sources */ = {isa = PBXBuildFile; fileRef = EB362C2F1F30228400A64D56 /* HistoryViewController.swift */; };
		EB362C321F30229400A64D56 /* AnalysticViewController.swift in Sources */ = {isa = PBXBuildFile; fileRef = EB362C311F30229400A64D56 /* AnalysticViewController.swift */; };
		EB362C341F30229F00A64D56 /* SettingViewController.swift in Sources */ = {isa = PBXBuildFile; fileRef = EB362C331F30229F00A64D56 /* SettingViewController.swift */; };
		EB61854B1F3823FE00D3610A /* SettingAccountViewController.swift in Sources */ = {isa = PBXBuildFile; fileRef = EB61854A1F3823FE00D3610A /* SettingAccountViewController.swift */; };
		EB61854D1F38241500D3610A /* SettingDisplayViewController.swift in Sources */ = {isa = PBXBuildFile; fileRef = EB61854C1F38241500D3610A /* SettingDisplayViewController.swift */; };
		EB61854F1F38242F00D3610A /* SettingBackupViewController.swift in Sources */ = {isa = PBXBuildFile; fileRef = EB61854E1F38242F00D3610A /* SettingBackupViewController.swift */; };
		EB6185551F3840AB00D3610A /* TableViewCellCalculationAmount.swift in Sources */ = {isa = PBXBuildFile; fileRef = EB6185531F3840AB00D3610A /* TableViewCellCalculationAmount.swift */; };
		EB6185561F3840AB00D3610A /* TableViewCellCalculationAmount.xib in Resources */ = {isa = PBXBuildFile; fileRef = EB6185541F3840AB00D3610A /* TableViewCellCalculationAmount.xib */; };
		EBA494DB1F3014BC00773417 /* AppDelegate.swift in Sources */ = {isa = PBXBuildFile; fileRef = EBA494DA1F3014BC00773417 /* AppDelegate.swift */; };
		EBA494DD1F3014BC00773417 /* ViewController.swift in Sources */ = {isa = PBXBuildFile; fileRef = EBA494DC1F3014BC00773417 /* ViewController.swift */; };
		EBA494E01F3014BC00773417 /* Main.storyboard in Resources */ = {isa = PBXBuildFile; fileRef = EBA494DE1F3014BC00773417 /* Main.storyboard */; };
		EBA494E21F3014BC00773417 /* Assets.xcassets in Resources */ = {isa = PBXBuildFile; fileRef = EBA494E11F3014BC00773417 /* Assets.xcassets */; };
		EBA494E51F3014BC00773417 /* LaunchScreen.storyboard in Resources */ = {isa = PBXBuildFile; fileRef = EBA494E31F3014BC00773417 /* LaunchScreen.storyboard */; };
		EBA494F01F3014BC00773417 /* OriginalApplicationTests.swift in Sources */ = {isa = PBXBuildFile; fileRef = EBA494EF1F3014BC00773417 /* OriginalApplicationTests.swift */; };
		EBA494FB1F3014BC00773417 /* OriginalApplicationUITests.swift in Sources */ = {isa = PBXBuildFile; fileRef = EBA494FA1F3014BC00773417 /* OriginalApplicationUITests.swift */; };
		EBB637CC1F34119500179F23 /* ActivityAmount.swift in Sources */ = {isa = PBXBuildFile; fileRef = EBB637CB1F34119500179F23 /* ActivityAmount.swift */; };
/* End PBXBuildFile section */

/* Begin PBXContainerItemProxy section */
		EBA494EC1F3014BC00773417 /* PBXContainerItemProxy */ = {
			isa = PBXContainerItemProxy;
			containerPortal = EBA494CF1F3014BC00773417 /* Project object */;
			proxyType = 1;
			remoteGlobalIDString = EBA494D61F3014BC00773417;
			remoteInfo = OriginalApplication;
		};
		EBA494F71F3014BC00773417 /* PBXContainerItemProxy */ = {
			isa = PBXContainerItemProxy;
			containerPortal = EBA494CF1F3014BC00773417 /* Project object */;
			proxyType = 1;
			remoteGlobalIDString = EBA494D61F3014BC00773417;
			remoteInfo = OriginalApplication;
		};
/* End PBXContainerItemProxy section */

/* Begin PBXFileReference section */
		32E21D9DD47FE90CE578B234 /* Pods-OriginalApplication.debug.xcconfig */ = {isa = PBXFileReference; includeInIndex = 1; lastKnownFileType = text.xcconfig; name = "Pods-OriginalApplication.debug.xcconfig"; path = "Pods/Target Support Files/Pods-OriginalApplication/Pods-OriginalApplication.debug.xcconfig"; sourceTree = "<group>"; };
		553B96C6C2E4F5C00A30598D /* Pods_OriginalApplication.framework */ = {isa = PBXFileReference; explicitFileType = wrapper.framework; includeInIndex = 0; path = Pods_OriginalApplication.framework; sourceTree = BUILT_PRODUCTS_DIR; };
		604E6C091F357C1800AEF5F5 /* GoogleService-Info.plist */ = {isa = PBXFileReference; fileEncoding = 4; lastKnownFileType = text.plist.xml; path = "GoogleService-Info.plist"; sourceTree = SOURCE_ROOT; };
		895A0048F7FF83A60122E9CE /* Pods-OriginalApplication.release.xcconfig */ = {isa = PBXFileReference; includeInIndex = 1; lastKnownFileType = text.xcconfig; name = "Pods-OriginalApplication.release.xcconfig"; path = "Pods/Target Support Files/Pods-OriginalApplication/Pods-OriginalApplication.release.xcconfig"; sourceTree = "<group>"; };
		E7C22ACE8917719B869F29F6 /* Pods_OriginalApplicationUITests.framework */ = {isa = PBXFileReference; explicitFileType = wrapper.framework; includeInIndex = 0; path = Pods_OriginalApplicationUITests.framework; sourceTree = BUILT_PRODUCTS_DIR; };
		E8E1794C7D54A19EBD4F7F50 /* Pods_OriginalApplicationTests.framework */ = {isa = PBXFileReference; explicitFileType = wrapper.framework; includeInIndex = 0; path = Pods_OriginalApplicationTests.framework; sourceTree = BUILT_PRODUCTS_DIR; };
		EB362C2D1F30215500A64D56 /* LoginViewController.swift */ = {isa = PBXFileReference; fileEncoding = 4; lastKnownFileType = sourcecode.swift; path = LoginViewController.swift; sourceTree = "<group>"; };
		EB362C2F1F30228400A64D56 /* HistoryViewController.swift */ = {isa = PBXFileReference; fileEncoding = 4; lastKnownFileType = sourcecode.swift; path = HistoryViewController.swift; sourceTree = "<group>"; };
		EB362C311F30229400A64D56 /* AnalysticViewController.swift */ = {isa = PBXFileReference; fileEncoding = 4; lastKnownFileType = sourcecode.swift; path = AnalysticViewController.swift; sourceTree = "<group>"; };
		EB362C331F30229F00A64D56 /* SettingViewController.swift */ = {isa = PBXFileReference; fileEncoding = 4; lastKnownFileType = sourcecode.swift; path = SettingViewController.swift; sourceTree = "<group>"; };
		EB61854A1F3823FE00D3610A /* SettingAccountViewController.swift */ = {isa = PBXFileReference; fileEncoding = 4; lastKnownFileType = sourcecode.swift; path = SettingAccountViewController.swift; sourceTree = "<group>"; };
		EB61854C1F38241500D3610A /* SettingDisplayViewController.swift */ = {isa = PBXFileReference; fileEncoding = 4; lastKnownFileType = sourcecode.swift; path = SettingDisplayViewController.swift; sourceTree = "<group>"; };
		EB61854E1F38242F00D3610A /* SettingBackupViewController.swift */ = {isa = PBXFileReference; fileEncoding = 4; lastKnownFileType = sourcecode.swift; path = SettingBackupViewController.swift; sourceTree = "<group>"; };
		EB6185531F3840AB00D3610A /* TableViewCellCalculationAmount.swift */ = {isa = PBXFileReference; fileEncoding = 4; lastKnownFileType = sourcecode.swift; path = TableViewCellCalculationAmount.swift; sourceTree = "<group>"; };
		EB6185541F3840AB00D3610A /* TableViewCellCalculationAmount.xib */ = {isa = PBXFileReference; fileEncoding = 4; lastKnownFileType = file.xib; path = TableViewCellCalculationAmount.xib; sourceTree = "<group>"; };
		EBA494D71F3014BC00773417 /* OriginalApplication.app */ = {isa = PBXFileReference; explicitFileType = wrapper.application; includeInIndex = 0; path = OriginalApplication.app; sourceTree = BUILT_PRODUCTS_DIR; };
		EBA494DA1F3014BC00773417 /* AppDelegate.swift */ = {isa = PBXFileReference; lastKnownFileType = sourcecode.swift; path = AppDelegate.swift; sourceTree = "<group>"; };
		EBA494DC1F3014BC00773417 /* ViewController.swift */ = {isa = PBXFileReference; lastKnownFileType = sourcecode.swift; path = ViewController.swift; sourceTree = "<group>"; };
		EBA494DF1F3014BC00773417 /* Base */ = {isa = PBXFileReference; lastKnownFileType = file.storyboard; name = Base; path = Base.lproj/Main.storyboard; sourceTree = "<group>"; };
		EBA494E11F3014BC00773417 /* Assets.xcassets */ = {isa = PBXFileReference; lastKnownFileType = folder.assetcatalog; path = Assets.xcassets; sourceTree = "<group>"; };
		EBA494E41F3014BC00773417 /* Base */ = {isa = PBXFileReference; lastKnownFileType = file.storyboard; name = Base; path = Base.lproj/LaunchScreen.storyboard; sourceTree = "<group>"; };
		EBA494E61F3014BC00773417 /* Info.plist */ = {isa = PBXFileReference; lastKnownFileType = text.plist.xml; path = Info.plist; sourceTree = "<group>"; };
		EBA494EB1F3014BC00773417 /* OriginalApplicationTests.xctest */ = {isa = PBXFileReference; explicitFileType = wrapper.cfbundle; includeInIndex = 0; path = OriginalApplicationTests.xctest; sourceTree = BUILT_PRODUCTS_DIR; };
		EBA494EF1F3014BC00773417 /* OriginalApplicationTests.swift */ = {isa = PBXFileReference; lastKnownFileType = sourcecode.swift; path = OriginalApplicationTests.swift; sourceTree = "<group>"; };
		EBA494F11F3014BC00773417 /* Info.plist */ = {isa = PBXFileReference; lastKnownFileType = text.plist.xml; path = Info.plist; sourceTree = "<group>"; };
		EBA494F61F3014BC00773417 /* OriginalApplicationUITests.xctest */ = {isa = PBXFileReference; explicitFileType = wrapper.cfbundle; includeInIndex = 0; path = OriginalApplicationUITests.xctest; sourceTree = BUILT_PRODUCTS_DIR; };
		EBA494FA1F3014BC00773417 /* OriginalApplicationUITests.swift */ = {isa = PBXFileReference; lastKnownFileType = sourcecode.swift; path = OriginalApplicationUITests.swift; sourceTree = "<group>"; };
		EBA494FC1F3014BC00773417 /* Info.plist */ = {isa = PBXFileReference; lastKnownFileType = text.plist.xml; path = Info.plist; sourceTree = "<group>"; };
		EBB637C91F340AD600179F23 /* CoreData.framework */ = {isa = PBXFileReference; lastKnownFileType = wrapper.framework; name = CoreData.framework; path = System/Library/Frameworks/CoreData.framework; sourceTree = SDKROOT; };
		EBB637CB1F34119500179F23 /* ActivityAmount.swift */ = {isa = PBXFileReference; fileEncoding = 4; lastKnownFileType = sourcecode.swift; path = ActivityAmount.swift; sourceTree = "<group>"; };
/* End PBXFileReference section */

/* Begin PBXFrameworksBuildPhase section */
		EBA494D41F3014BC00773417 /* Frameworks */ = {
			isa = PBXFrameworksBuildPhase;
			buildActionMask = 2147483647;
			files = (
				16B240E269F10708B22F5B67 /* Pods_OriginalApplication.framework in Frameworks */,
			);
			runOnlyForDeploymentPostprocessing = 0;
		};
		EBA494E81F3014BC00773417 /* Frameworks */ = {
			isa = PBXFrameworksBuildPhase;
			buildActionMask = 2147483647;
			files = (
			);
			runOnlyForDeploymentPostprocessing = 0;
		};
		EBA494F31F3014BC00773417 /* Frameworks */ = {
			isa = PBXFrameworksBuildPhase;
			buildActionMask = 2147483647;
			files = (
			);
			runOnlyForDeploymentPostprocessing = 0;
		};
/* End PBXFrameworksBuildPhase section */

/* Begin PBXGroup section */
		1695B5ACF0C1F15E84797F94 /* Pods */ = {
			isa = PBXGroup;
			children = (
				32E21D9DD47FE90CE578B234 /* Pods-OriginalApplication.debug.xcconfig */,
				895A0048F7FF83A60122E9CE /* Pods-OriginalApplication.release.xcconfig */,
			);
			name = Pods;
			sourceTree = "<group>";
		};
		459A524EC0657F68F74B0EBD /* Frameworks */ = {
			isa = PBXGroup;
			children = (
				EBB637C91F340AD600179F23 /* CoreData.framework */,
				553B96C6C2E4F5C00A30598D /* Pods_OriginalApplication.framework */,
				E8E1794C7D54A19EBD4F7F50 /* Pods_OriginalApplicationTests.framework */,
				E7C22ACE8917719B869F29F6 /* Pods_OriginalApplicationUITests.framework */,
			);
			name = Frameworks;
			sourceTree = "<group>";
		};
		EB6185501F38244600D3610A /* Setting */ = {
			isa = PBXGroup;
			children = (
				EB362C331F30229F00A64D56 /* SettingViewController.swift */,
				EB61854A1F3823FE00D3610A /* SettingAccountViewController.swift */,
				EB61854C1F38241500D3610A /* SettingDisplayViewController.swift */,
				EB61854E1F38242F00D3610A /* SettingBackupViewController.swift */,
			);
			name = Setting;
			sourceTree = "<group>";
		};
		EB6185511F383AEA00D3610A /* Model */ = {
			isa = PBXGroup;
			children = (
				EBB637CB1F34119500179F23 /* ActivityAmount.swift */,
			);
			name = Model;
			sourceTree = "<group>";
		};
		EB6185521F383B3B00D3610A /* Controller */ = {
			isa = PBXGroup;
			children = (
				EB362C2F1F30228400A64D56 /* HistoryViewController.swift */,
				EB362C311F30229400A64D56 /* AnalysticViewController.swift */,
				EB362C2D1F30215500A64D56 /* LoginViewController.swift */,
				EBA494DA1F3014BC00773417 /* AppDelegate.swift */,
				EBA494DC1F3014BC00773417 /* ViewController.swift */,
				EB6185531F3840AB00D3610A /* TableViewCellCalculationAmount.swift */,
				EB6185541F3840AB00D3610A /* TableViewCellCalculationAmount.xib */,
				EB6185501F38244600D3610A /* Setting */,
			);
			name = Controller;
			sourceTree = "<group>";
		};
		EBA494CE1F3014BC00773417 = {
			isa = PBXGroup;
			children = (
				EBA494D91F3014BC00773417 /* OriginalApplication */,
				EBA494EE1F3014BC00773417 /* OriginalApplicationTests */,
				EBA494F91F3014BC00773417 /* OriginalApplicationUITests */,
				EBA494D81F3014BC00773417 /* Products */,
				1695B5ACF0C1F15E84797F94 /* Pods */,
				459A524EC0657F68F74B0EBD /* Frameworks */,
			);
			sourceTree = "<group>";
		};
		EBA494D81F3014BC00773417 /* Products */ = {
			isa = PBXGroup;
			children = (
				EBA494D71F3014BC00773417 /* OriginalApplication.app */,
				EBA494EB1F3014BC00773417 /* OriginalApplicationTests.xctest */,
				EBA494F61F3014BC00773417 /* OriginalApplicationUITests.xctest */,
			);
			name = Products;
			sourceTree = "<group>";
		};
		EBA494D91F3014BC00773417 /* OriginalApplication */ = {
			isa = PBXGroup;
			children = (
				EBA494DE1F3014BC00773417 /* Main.storyboard */,
				EBA494E11F3014BC00773417 /* Assets.xcassets */,
				EBA494E31F3014BC00773417 /* LaunchScreen.storyboard */,
				604E6C091F357C1800AEF5F5 /* GoogleService-Info.plist */,
				EBA494E61F3014BC00773417 /* Info.plist */,
				EB6185521F383B3B00D3610A /* Controller */,
				EB6185511F383AEA00D3610A /* Model */,
			);
			path = OriginalApplication;
			sourceTree = "<group>";
		};
		EBA494EE1F3014BC00773417 /* OriginalApplicationTests */ = {
			isa = PBXGroup;
			children = (
				EBA494EF1F3014BC00773417 /* OriginalApplicationTests.swift */,
				EBA494F11F3014BC00773417 /* Info.plist */,
			);
			path = OriginalApplicationTests;
			sourceTree = "<group>";
		};
		EBA494F91F3014BC00773417 /* OriginalApplicationUITests */ = {
			isa = PBXGroup;
			children = (
				EBA494FA1F3014BC00773417 /* OriginalApplicationUITests.swift */,
				EBA494FC1F3014BC00773417 /* Info.plist */,
			);
			path = OriginalApplicationUITests;
			sourceTree = "<group>";
		};
/* End PBXGroup section */

/* Begin PBXNativeTarget section */
		EBA494D61F3014BC00773417 /* OriginalApplication */ = {
			isa = PBXNativeTarget;
			buildConfigurationList = EBA494FF1F3014BC00773417 /* Build configuration list for PBXNativeTarget "OriginalApplication" */;
			buildPhases = (
				69C02D615A5EF9B943D8DC34 /* [CP] Check Pods Manifest.lock */,
				EBA494D31F3014BC00773417 /* Sources */,
				EBA494D41F3014BC00773417 /* Frameworks */,
				EBA494D51F3014BC00773417 /* Resources */,
				84B2EC6759534C76804E3CC6 /* [CP] Embed Pods Frameworks */,
				CDC73D8880245912EDBE00D6 /* [CP] Copy Pods Resources */,
			);
			buildRules = (
			);
			dependencies = (
			);
			name = OriginalApplication;
			productName = OriginalApplication;
			productReference = EBA494D71F3014BC00773417 /* OriginalApplication.app */;
			productType = "com.apple.product-type.application";
		};
		EBA494EA1F3014BC00773417 /* OriginalApplicationTests */ = {
			isa = PBXNativeTarget;
			buildConfigurationList = EBA495021F3014BC00773417 /* Build configuration list for PBXNativeTarget "OriginalApplicationTests" */;
			buildPhases = (
				EBA494E71F3014BC00773417 /* Sources */,
				EBA494E81F3014BC00773417 /* Frameworks */,
				EBA494E91F3014BC00773417 /* Resources */,
			);
			buildRules = (
			);
			dependencies = (
				EBA494ED1F3014BC00773417 /* PBXTargetDependency */,
			);
			name = OriginalApplicationTests;
			productName = OriginalApplicationTests;
			productReference = EBA494EB1F3014BC00773417 /* OriginalApplicationTests.xctest */;
			productType = "com.apple.product-type.bundle.unit-test";
		};
		EBA494F51F3014BC00773417 /* OriginalApplicationUITests */ = {
			isa = PBXNativeTarget;
			buildConfigurationList = EBA495051F3014BC00773417 /* Build configuration list for PBXNativeTarget "OriginalApplicationUITests" */;
			buildPhases = (
				EBA494F21F3014BC00773417 /* Sources */,
				EBA494F31F3014BC00773417 /* Frameworks */,
				EBA494F41F3014BC00773417 /* Resources */,
			);
			buildRules = (
			);
			dependencies = (
				EBA494F81F3014BC00773417 /* PBXTargetDependency */,
			);
			name = OriginalApplicationUITests;
			productName = OriginalApplicationUITests;
			productReference = EBA494F61F3014BC00773417 /* OriginalApplicationUITests.xctest */;
			productType = "com.apple.product-type.bundle.ui-testing";
		};
/* End PBXNativeTarget section */

/* Begin PBXProject section */
		EBA494CF1F3014BC00773417 /* Project object */ = {
			isa = PBXProject;
			attributes = {
				LastSwiftUpdateCheck = 0830;
				LastUpgradeCheck = 0830;
				ORGANIZATIONNAME = DesMatsue;
				TargetAttributes = {
					EBA494D61F3014BC00773417 = {
						CreatedOnToolsVersion = 8.3.3;
						ProvisioningStyle = Automatic;
						SystemCapabilities = {
							com.apple.BackgroundModes = {
								enabled = 1;
							};
						};
					};
					EBA494EA1F3014BC00773417 = {
						CreatedOnToolsVersion = 8.3.3;
						ProvisioningStyle = Automatic;
						TestTargetID = EBA494D61F3014BC00773417;
					};
					EBA494F51F3014BC00773417 = {
						CreatedOnToolsVersion = 8.3.3;
						ProvisioningStyle = Automatic;
						TestTargetID = EBA494D61F3014BC00773417;
					};
				};
			};
			buildConfigurationList = EBA494D21F3014BC00773417 /* Build configuration list for PBXProject "OriginalApplication" */;
			compatibilityVersion = "Xcode 3.2";
			developmentRegion = English;
			hasScannedForEncodings = 0;
			knownRegions = (
				en,
				Base,
			);
			mainGroup = EBA494CE1F3014BC00773417;
			productRefGroup = EBA494D81F3014BC00773417 /* Products */;
			projectDirPath = "";
			projectRoot = "";
			targets = (
				EBA494D61F3014BC00773417 /* OriginalApplication */,
				EBA494EA1F3014BC00773417 /* OriginalApplicationTests */,
				EBA494F51F3014BC00773417 /* OriginalApplicationUITests */,
			);
		};
/* End PBXProject section */

/* Begin PBXResourcesBuildPhase section */
		EBA494D51F3014BC00773417 /* Resources */ = {
			isa = PBXResourcesBuildPhase;
			buildActionMask = 2147483647;
			files = (
				EB6185561F3840AB00D3610A /* TableViewCellCalculationAmount.xib in Resources */,
				EBA494E51F3014BC00773417 /* LaunchScreen.storyboard in Resources */,
				604E6C0A1F357C1800AEF5F5 /* GoogleService-Info.plist in Resources */,
				EBA494E21F3014BC00773417 /* Assets.xcassets in Resources */,
				EBA494E01F3014BC00773417 /* Main.storyboard in Resources */,
			);
			runOnlyForDeploymentPostprocessing = 0;
		};
		EBA494E91F3014BC00773417 /* Resources */ = {
			isa = PBXResourcesBuildPhase;
			buildActionMask = 2147483647;
			files = (
			);
			runOnlyForDeploymentPostprocessing = 0;
		};
		EBA494F41F3014BC00773417 /* Resources */ = {
			isa = PBXResourcesBuildPhase;
			buildActionMask = 2147483647;
			files = (
			);
			runOnlyForDeploymentPostprocessing = 0;
		};
/* End PBXResourcesBuildPhase section */

/* Begin PBXShellScriptBuildPhase section */
		69C02D615A5EF9B943D8DC34 /* [CP] Check Pods Manifest.lock */ = {
			isa = PBXShellScriptBuildPhase;
			buildActionMask = 2147483647;
			files = (
			);
			inputPaths = (
			);
			name = "[CP] Check Pods Manifest.lock";
			outputPaths = (
			);
			runOnlyForDeploymentPostprocessing = 0;
			shellPath = /bin/sh;
			shellScript = "diff \"${PODS_ROOT}/../Podfile.lock\" \"${PODS_ROOT}/Manifest.lock\" > /dev/null\nif [ $? != 0 ] ; then\n    # print error to STDERR\n    echo \"error: The sandbox is not in sync with the Podfile.lock. Run 'pod install' or update your CocoaPods installation.\" >&2\n    exit 1\nfi\n";
			showEnvVarsInLog = 0;
		};
		84B2EC6759534C76804E3CC6 /* [CP] Embed Pods Frameworks */ = {
			isa = PBXShellScriptBuildPhase;
			buildActionMask = 2147483647;
			files = (
			);
			inputPaths = (
			);
			name = "[CP] Embed Pods Frameworks";
			outputPaths = (
			);
			runOnlyForDeploymentPostprocessing = 0;
			shellPath = /bin/sh;
			shellScript = "\"${SRCROOT}/Pods/Target Support Files/Pods-OriginalApplication/Pods-OriginalApplication-frameworks.sh\"\n";
			showEnvVarsInLog = 0;
		};
		CDC73D8880245912EDBE00D6 /* [CP] Copy Pods Resources */ = {
			isa = PBXShellScriptBuildPhase;
			buildActionMask = 2147483647;
			files = (
			);
			inputPaths = (
			);
			name = "[CP] Copy Pods Resources";
			outputPaths = (
			);
			runOnlyForDeploymentPostprocessing = 0;
			shellPath = /bin/sh;
			shellScript = "\"${SRCROOT}/Pods/Target Support Files/Pods-OriginalApplication/Pods-OriginalApplication-resources.sh\"\n";
			showEnvVarsInLog = 0;
		};
/* End PBXShellScriptBuildPhase section */

/* Begin PBXSourcesBuildPhase section */
		EBA494D31F3014BC00773417 /* Sources */ = {
			isa = PBXSourcesBuildPhase;
			buildActionMask = 2147483647;
			files = (
				EB362C321F30229400A64D56 /* AnalysticViewController.swift in Sources */,
				EB362C2E1F30215500A64D56 /* LoginViewController.swift in Sources */,
				EBA494DD1F3014BC00773417 /* ViewController.swift in Sources */,
				EB61854B1F3823FE00D3610A /* SettingAccountViewController.swift in Sources */,
				EBA494DB1F3014BC00773417 /* AppDelegate.swift in Sources */,
				EB61854D1F38241500D3610A /* SettingDisplayViewController.swift in Sources */,
				EB6185551F3840AB00D3610A /* TableViewCellCalculationAmount.swift in Sources */,
				EB362C301F30228400A64D56 /* HistoryViewController.swift in Sources */,
				EB61854F1F38242F00D3610A /* SettingBackupViewController.swift in Sources */,
				EBB637CC1F34119500179F23 /* ActivityAmount.swift in Sources */,
				EB362C341F30229F00A64D56 /* SettingViewController.swift in Sources */,
			);
			runOnlyForDeploymentPostprocessing = 0;
		};
		EBA494E71F3014BC00773417 /* Sources */ = {
			isa = PBXSourcesBuildPhase;
			buildActionMask = 2147483647;
			files = (
				EBA494F01F3014BC00773417 /* OriginalApplicationTests.swift in Sources */,
			);
			runOnlyForDeploymentPostprocessing = 0;
		};
		EBA494F21F3014BC00773417 /* Sources */ = {
			isa = PBXSourcesBuildPhase;
			buildActionMask = 2147483647;
			files = (
				EBA494FB1F3014BC00773417 /* OriginalApplicationUITests.swift in Sources */,
			);
			runOnlyForDeploymentPostprocessing = 0;
		};
/* End PBXSourcesBuildPhase section */

/* Begin PBXTargetDependency section */
		EBA494ED1F3014BC00773417 /* PBXTargetDependency */ = {
			isa = PBXTargetDependency;
			target = EBA494D61F3014BC00773417 /* OriginalApplication */;
			targetProxy = EBA494EC1F3014BC00773417 /* PBXContainerItemProxy */;
		};
		EBA494F81F3014BC00773417 /* PBXTargetDependency */ = {
			isa = PBXTargetDependency;
			target = EBA494D61F3014BC00773417 /* OriginalApplication */;
			targetProxy = EBA494F71F3014BC00773417 /* PBXContainerItemProxy */;
		};
/* End PBXTargetDependency section */

/* Begin PBXVariantGroup section */
		EBA494DE1F3014BC00773417 /* Main.storyboard */ = {
			isa = PBXVariantGroup;
			children = (
				EBA494DF1F3014BC00773417 /* Base */,
			);
			name = Main.storyboard;
			sourceTree = "<group>";
		};
		EBA494E31F3014BC00773417 /* LaunchScreen.storyboard */ = {
			isa = PBXVariantGroup;
			children = (
				EBA494E41F3014BC00773417 /* Base */,
			);
			name = LaunchScreen.storyboard;
			sourceTree = "<group>";
		};
/* End PBXVariantGroup section */

/* Begin XCBuildConfiguration section */
		EBA494FD1F3014BC00773417 /* Debug */ = {
			isa = XCBuildConfiguration;
			buildSettings = {
				ALWAYS_SEARCH_USER_PATHS = NO;
				CLANG_ANALYZER_NONNULL = YES;
				CLANG_ANALYZER_NUMBER_OBJECT_CONVERSION = YES_AGGRESSIVE;
				CLANG_CXX_LANGUAGE_STANDARD = "gnu++0x";
				CLANG_CXX_LIBRARY = "libc++";
				CLANG_ENABLE_MODULES = YES;
				CLANG_ENABLE_OBJC_ARC = YES;
				CLANG_WARN_BOOL_CONVERSION = YES;
				CLANG_WARN_CONSTANT_CONVERSION = YES;
				CLANG_WARN_DIRECT_OBJC_ISA_USAGE = YES_ERROR;
				CLANG_WARN_DOCUMENTATION_COMMENTS = YES;
				CLANG_WARN_EMPTY_BODY = YES;
				CLANG_WARN_ENUM_CONVERSION = YES;
				CLANG_WARN_INFINITE_RECURSION = YES;
				CLANG_WARN_INT_CONVERSION = YES;
				CLANG_WARN_OBJC_ROOT_CLASS = YES_ERROR;
				CLANG_WARN_SUSPICIOUS_MOVE = YES;
				CLANG_WARN_UNREACHABLE_CODE = YES;
				CLANG_WARN__DUPLICATE_METHOD_MATCH = YES;
				"CODE_SIGN_IDENTITY[sdk=iphoneos*]" = "iPhone Developer";
				COPY_PHASE_STRIP = NO;
				DEBUG_INFORMATION_FORMAT = dwarf;
				ENABLE_STRICT_OBJC_MSGSEND = YES;
				ENABLE_TESTABILITY = YES;
				GCC_C_LANGUAGE_STANDARD = gnu99;
				GCC_DYNAMIC_NO_PIC = NO;
				GCC_NO_COMMON_BLOCKS = YES;
				GCC_OPTIMIZATION_LEVEL = 0;
				GCC_PREPROCESSOR_DEFINITIONS = (
					"DEBUG=1",
					"$(inherited)",
				);
				GCC_WARN_64_TO_32_BIT_CONVERSION = YES;
				GCC_WARN_ABOUT_RETURN_TYPE = YES_ERROR;
				GCC_WARN_UNDECLARED_SELECTOR = YES;
				GCC_WARN_UNINITIALIZED_AUTOS = YES_AGGRESSIVE;
				GCC_WARN_UNUSED_FUNCTION = YES;
				GCC_WARN_UNUSED_VARIABLE = YES;
				IPHONEOS_DEPLOYMENT_TARGET = 10.3;
				MTL_ENABLE_DEBUG_INFO = YES;
				ONLY_ACTIVE_ARCH = YES;
				SDKROOT = iphoneos;
				SWIFT_ACTIVE_COMPILATION_CONDITIONS = DEBUG;
				SWIFT_OPTIMIZATION_LEVEL = "-Onone";
				TARGETED_DEVICE_FAMILY = "1,2";
			};
			name = Debug;
		};
		EBA494FE1F3014BC00773417 /* Release */ = {
			isa = XCBuildConfiguration;
			buildSettings = {
				ALWAYS_SEARCH_USER_PATHS = NO;
				CLANG_ANALYZER_NONNULL = YES;
				CLANG_ANALYZER_NUMBER_OBJECT_CONVERSION = YES_AGGRESSIVE;
				CLANG_CXX_LANGUAGE_STANDARD = "gnu++0x";
				CLANG_CXX_LIBRARY = "libc++";
				CLANG_ENABLE_MODULES = YES;
				CLANG_ENABLE_OBJC_ARC = YES;
				CLANG_WARN_BOOL_CONVERSION = YES;
				CLANG_WARN_CONSTANT_CONVERSION = YES;
				CLANG_WARN_DIRECT_OBJC_ISA_USAGE = YES_ERROR;
				CLANG_WARN_DOCUMENTATION_COMMENTS = YES;
				CLANG_WARN_EMPTY_BODY = YES;
				CLANG_WARN_ENUM_CONVERSION = YES;
				CLANG_WARN_INFINITE_RECURSION = YES;
				CLANG_WARN_INT_CONVERSION = YES;
				CLANG_WARN_OBJC_ROOT_CLASS = YES_ERROR;
				CLANG_WARN_SUSPICIOUS_MOVE = YES;
				CLANG_WARN_UNREACHABLE_CODE = YES;
				CLANG_WARN__DUPLICATE_METHOD_MATCH = YES;
				"CODE_SIGN_IDENTITY[sdk=iphoneos*]" = "iPhone Developer";
				COPY_PHASE_STRIP = NO;
				DEBUG_INFORMATION_FORMAT = "dwarf-with-dsym";
				ENABLE_NS_ASSERTIONS = NO;
				ENABLE_STRICT_OBJC_MSGSEND = YES;
				GCC_C_LANGUAGE_STANDARD = gnu99;
				GCC_NO_COMMON_BLOCKS = YES;
				GCC_WARN_64_TO_32_BIT_CONVERSION = YES;
				GCC_WARN_ABOUT_RETURN_TYPE = YES_ERROR;
				GCC_WARN_UNDECLARED_SELECTOR = YES;
				GCC_WARN_UNINITIALIZED_AUTOS = YES_AGGRESSIVE;
				GCC_WARN_UNUSED_FUNCTION = YES;
				GCC_WARN_UNUSED_VARIABLE = YES;
				IPHONEOS_DEPLOYMENT_TARGET = 10.3;
				MTL_ENABLE_DEBUG_INFO = NO;
				SDKROOT = iphoneos;
				SWIFT_OPTIMIZATION_LEVEL = "-Owholemodule";
				TARGETED_DEVICE_FAMILY = "1,2";
				VALIDATE_PRODUCT = YES;
			};
			name = Release;
		};
		EBA495001F3014BC00773417 /* Debug */ = {
			isa = XCBuildConfiguration;
			baseConfigurationReference = 32E21D9DD47FE90CE578B234 /* Pods-OriginalApplication.debug.xcconfig */;
			buildSettings = {
				ASSETCATALOG_COMPILER_APPICON_NAME = AppIcon;
				INFOPLIST_FILE = OriginalApplication/Info.plist;
				LD_RUNPATH_SEARCH_PATHS = "$(inherited) @executable_path/Frameworks";
				PRODUCT_BUNDLE_IDENTIFIER = jp.techacademy.DesMatsue.OriginalApplication;
				PRODUCT_NAME = "$(TARGET_NAME)";
				SWIFT_VERSION = 3.0;
				TARGETED_DEVICE_FAMILY = 1;
			};
			name = Debug;
		};
		EBA495011F3014BC00773417 /* Release */ = {
			isa = XCBuildConfiguration;
			baseConfigurationReference = 895A0048F7FF83A60122E9CE /* Pods-OriginalApplication.release.xcconfig */;
			buildSettings = {
				ASSETCATALOG_COMPILER_APPICON_NAME = AppIcon;
				INFOPLIST_FILE = OriginalApplication/Info.plist;
				LD_RUNPATH_SEARCH_PATHS = "$(inherited) @executable_path/Frameworks";
				PRODUCT_BUNDLE_IDENTIFIER = jp.techacademy.DesMatsue.OriginalApplication;
				PRODUCT_NAME = "$(TARGET_NAME)";
				SWIFT_VERSION = 3.0;
				TARGETED_DEVICE_FAMILY = 1;
			};
			name = Release;
		};
		EBA495031F3014BC00773417 /* Debug */ = {
			isa = XCBuildConfiguration;
			buildSettings = {
				ALWAYS_EMBED_SWIFT_STANDARD_LIBRARIES = YES;
				BUNDLE_LOADER = "$(TEST_HOST)";
				INFOPLIST_FILE = OriginalApplicationTests/Info.plist;
				LD_RUNPATH_SEARCH_PATHS = "$(inherited) @executable_path/Frameworks @loader_path/Frameworks";
				PRODUCT_BUNDLE_IDENTIFIER = jp.techacademy.DesMatsue.OriginalApplicationTests;
				PRODUCT_NAME = "$(TARGET_NAME)";
				SWIFT_VERSION = 3.0;
				TEST_HOST = "$(BUILT_PRODUCTS_DIR)/OriginalApplication.app/OriginalApplication";
			};
			name = Debug;
		};
		EBA495041F3014BC00773417 /* Release */ = {
			isa = XCBuildConfiguration;
			buildSettings = {
				ALWAYS_EMBED_SWIFT_STANDARD_LIBRARIES = YES;
				BUNDLE_LOADER = "$(TEST_HOST)";
				INFOPLIST_FILE = OriginalApplicationTests/Info.plist;
				LD_RUNPATH_SEARCH_PATHS = "$(inherited) @executable_path/Frameworks @loader_path/Frameworks";
				PRODUCT_BUNDLE_IDENTIFIER = jp.techacademy.DesMatsue.OriginalApplicationTests;
				PRODUCT_NAME = "$(TARGET_NAME)";
				SWIFT_VERSION = 3.0;
				TEST_HOST = "$(BUILT_PRODUCTS_DIR)/OriginalApplication.app/OriginalApplication";
			};
			name = Release;
		};
		EBA495061F3014BC00773417 /* Debug */ = {
			isa = XCBuildConfiguration;
			buildSettings = {
				ALWAYS_EMBED_SWIFT_STANDARD_LIBRARIES = YES;
				INFOPLIST_FILE = OriginalApplicationUITests/Info.plist;
				LD_RUNPATH_SEARCH_PATHS = "$(inherited) @executable_path/Frameworks @loader_path/Frameworks";
				PRODUCT_BUNDLE_IDENTIFIER = jp.techacademy.DesMatsue.OriginalApplicationUITests;
				PRODUCT_NAME = "$(TARGET_NAME)";
				SWIFT_VERSION = 3.0;
				TEST_TARGET_NAME = OriginalApplication;
			};
			name = Debug;
		};
		EBA495071F3014BC00773417 /* Release */ = {
			isa = XCBuildConfiguration;
			buildSettings = {
				ALWAYS_EMBED_SWIFT_STANDARD_LIBRARIES = YES;
				INFOPLIST_FILE = OriginalApplicationUITests/Info.plist;
				LD_RUNPATH_SEARCH_PATHS = "$(inherited) @executable_path/Frameworks @loader_path/Frameworks";
				PRODUCT_BUNDLE_IDENTIFIER = jp.techacademy.DesMatsue.OriginalApplicationUITests;
				PRODUCT_NAME = "$(TARGET_NAME)";
				SWIFT_VERSION = 3.0;
				TEST_TARGET_NAME = OriginalApplication;
			};
			name = Release;
		};
/* End XCBuildConfiguration section */

/* Begin XCConfigurationList section */
		EBA494D21F3014BC00773417 /* Build configuration list for PBXProject "OriginalApplication" */ = {
			isa = XCConfigurationList;
			buildConfigurations = (
				EBA494FD1F3014BC00773417 /* Debug */,
				EBA494FE1F3014BC00773417 /* Release */,
			);
			defaultConfigurationIsVisible = 0;
			defaultConfigurationName = Release;
		};
		EBA494FF1F3014BC00773417 /* Build configuration list for PBXNativeTarget "OriginalApplication" */ = {
			isa = XCConfigurationList;
			buildConfigurations = (
				EBA495001F3014BC00773417 /* Debug */,
				EBA495011F3014BC00773417 /* Release */,
			);
			defaultConfigurationIsVisible = 0;
			defaultConfigurationName = Release;
		};
		EBA495021F3014BC00773417 /* Build configuration list for PBXNativeTarget "OriginalApplicationTests" */ = {
			isa = XCConfigurationList;
			buildConfigurations = (
				EBA495031F3014BC00773417 /* Debug */,
				EBA495041F3014BC00773417 /* Release */,
			);
			defaultConfigurationIsVisible = 0;
			defaultConfigurationName = Release;
		};
		EBA495051F3014BC00773417 /* Build configuration list for PBXNativeTarget "OriginalApplicationUITests" */ = {
			isa = XCConfigurationList;
			buildConfigurations = (
				EBA495061F3014BC00773417 /* Debug */,
				EBA495071F3014BC00773417 /* Release */,
			);
			defaultConfigurationIsVisible = 0;
			defaultConfigurationName = Release;
		};
/* End XCConfigurationList section */
	};
	rootObject = EBA494CF1F3014BC00773417 /* Project object */;
}
